// !$*UTF8*$!
{
	archiveVersion = 1;
	classes = {
	};
	objectVersion = 50;
	objects = {

/* Begin PBXBuildFile section */
		91696DDF250C6889000A37EB /* AppDelegate.swift in Sources */ = {isa = PBXBuildFile; fileRef = 91696DDE250C6889000A37EB /* AppDelegate.swift */; };
		91696DE1250C6889000A37EB /* SceneDelegate.swift in Sources */ = {isa = PBXBuildFile; fileRef = 91696DE0250C6889000A37EB /* SceneDelegate.swift */; };
		91696DE3250C6889000A37EB /* ContentView.swift in Sources */ = {isa = PBXBuildFile; fileRef = 91696DE2250C6889000A37EB /* ContentView.swift */; };
		91696DE5250C6892000A37EB /* Assets.xcassets in Resources */ = {isa = PBXBuildFile; fileRef = 91696DE4250C6892000A37EB /* Assets.xcassets */; };
		91696DE8250C6892000A37EB /* Preview Assets.xcassets in Resources */ = {isa = PBXBuildFile; fileRef = 91696DE7250C6892000A37EB /* Preview Assets.xcassets */; };
		91696DEB250C6892000A37EB /* LaunchScreen.storyboard in Resources */ = {isa = PBXBuildFile; fileRef = 91696DE9250C6892000A37EB /* LaunchScreen.storyboard */; };
		91696DF6250C6892000A37EB /* RampReadsTests.swift in Sources */ = {isa = PBXBuildFile; fileRef = 91696DF5250C6892000A37EB /* RampReadsTests.swift */; };
		91696E01250C6892000A37EB /* RampReadsUITests.swift in Sources */ = {isa = PBXBuildFile; fileRef = 91696E00250C6892000A37EB /* RampReadsUITests.swift */; };
/* End PBXBuildFile section */

/* Begin PBXContainerItemProxy section */
		91696DF2250C6892000A37EB /* PBXContainerItemProxy */ = {
			isa = PBXContainerItemProxy;
			containerPortal = 91696DD3250C6889000A37EB /* Project object */;
			proxyType = 1;
			remoteGlobalIDString = 91696DDA250C6889000A37EB;
			remoteInfo = RampReads;
		};
		91696DFD250C6892000A37EB /* PBXContainerItemProxy */ = {
			isa = PBXContainerItemProxy;
			containerPortal = 91696DD3250C6889000A37EB /* Project object */;
			proxyType = 1;
			remoteGlobalIDString = 91696DDA250C6889000A37EB;
			remoteInfo = RampReads;
		};
/* End PBXContainerItemProxy section */

/* Begin PBXFileReference section */
		91696DDB250C6889000A37EB /* RampReads.app */ = {isa = PBXFileReference; explicitFileType = wrapper.application; includeInIndex = 0; path = RampReads.app; sourceTree = BUILT_PRODUCTS_DIR; };
		91696DDE250C6889000A37EB /* AppDelegate.swift */ = {isa = PBXFileReference; lastKnownFileType = sourcecode.swift; path = AppDelegate.swift; sourceTree = "<group>"; };
		91696DE0250C6889000A37EB /* SceneDelegate.swift */ = {isa = PBXFileReference; lastKnownFileType = sourcecode.swift; path = SceneDelegate.swift; sourceTree = "<group>"; };
		91696DE2250C6889000A37EB /* ContentView.swift */ = {isa = PBXFileReference; lastKnownFileType = sourcecode.swift; path = ContentView.swift; sourceTree = "<group>"; };
		91696DE4250C6892000A37EB /* Assets.xcassets */ = {isa = PBXFileReference; lastKnownFileType = folder.assetcatalog; path = Assets.xcassets; sourceTree = "<group>"; };
		91696DE7250C6892000A37EB /* Preview Assets.xcassets */ = {isa = PBXFileReference; lastKnownFileType = folder.assetcatalog; path = "Preview Assets.xcassets"; sourceTree = "<group>"; };
		91696DEA250C6892000A37EB /* Base */ = {isa = PBXFileReference; lastKnownFileType = file.storyboard; name = Base; path = Base.lproj/LaunchScreen.storyboard; sourceTree = "<group>"; };
		91696DEC250C6892000A37EB /* Info.plist */ = {isa = PBXFileReference; lastKnownFileType = text.plist.xml; path = Info.plist; sourceTree = "<group>"; };
		91696DF1250C6892000A37EB /* RampReadsTests.xctest */ = {isa = PBXFileReference; explicitFileType = wrapper.cfbundle; includeInIndex = 0; path = RampReadsTests.xctest; sourceTree = BUILT_PRODUCTS_DIR; };
		91696DF5250C6892000A37EB /* RampReadsTests.swift */ = {isa = PBXFileReference; lastKnownFileType = sourcecode.swift; path = RampReadsTests.swift; sourceTree = "<group>"; };
		91696DF7250C6892000A37EB /* Info.plist */ = {isa = PBXFileReference; lastKnownFileType = text.plist.xml; path = Info.plist; sourceTree = "<group>"; };
		91696DFC250C6892000A37EB /* RampReadsUITests.xctest */ = {isa = PBXFileReference; explicitFileType = wrapper.cfbundle; includeInIndex = 0; path = RampReadsUITests.xctest; sourceTree = BUILT_PRODUCTS_DIR; };
		91696E00250C6892000A37EB /* RampReadsUITests.swift */ = {isa = PBXFileReference; lastKnownFileType = sourcecode.swift; path = RampReadsUITests.swift; sourceTree = "<group>"; };
		91696E02250C6892000A37EB /* Info.plist */ = {isa = PBXFileReference; lastKnownFileType = text.plist.xml; path = Info.plist; sourceTree = "<group>"; };
/* End PBXFileReference section */

/* Begin PBXFrameworksBuildPhase section */
		91696DD8250C6889000A37EB /* Frameworks */ = {
			isa = PBXFrameworksBuildPhase;
			buildActionMask = 2147483647;
			files = (
			);
			runOnlyForDeploymentPostprocessing = 0;
		};
		91696DEE250C6892000A37EB /* Frameworks */ = {
			isa = PBXFrameworksBuildPhase;
			buildActionMask = 2147483647;
			files = (
			);
			runOnlyForDeploymentPostprocessing = 0;
		};
		91696DF9250C6892000A37EB /* Frameworks */ = {
			isa = PBXFrameworksBuildPhase;
			buildActionMask = 2147483647;
			files = (
			);
			runOnlyForDeploymentPostprocessing = 0;
		};
/* End PBXFrameworksBuildPhase section */

/* Begin PBXGroup section */
		91696DD2250C6889000A37EB = {
			isa = PBXGroup;
			children = (
				91696DDD250C6889000A37EB /* RampReads */,
				91696DF4250C6892000A37EB /* RampReadsTests */,
				91696DFF250C6892000A37EB /* RampReadsUITests */,
				91696DDC250C6889000A37EB /* Products */,
			);
			sourceTree = "<group>";
		};
		91696DDC250C6889000A37EB /* Products */ = {
			isa = PBXGroup;
			children = (
				91696DDB250C6889000A37EB /* RampReads.app */,
				91696DF1250C6892000A37EB /* RampReadsTests.xctest */,
				91696DFC250C6892000A37EB /* RampReadsUITests.xctest */,
			);
			name = Products;
			sourceTree = "<group>";
		};
		91696DDD250C6889000A37EB /* RampReads */ = {
			isa = PBXGroup;
			children = (
				91696DDE250C6889000A37EB /* AppDelegate.swift */,
				91696DE0250C6889000A37EB /* SceneDelegate.swift */,
				91696DE2250C6889000A37EB /* ContentView.swift */,
				91696DE4250C6892000A37EB /* Assets.xcassets */,
				91696DE9250C6892000A37EB /* LaunchScreen.storyboard */,
				91696DEC250C6892000A37EB /* Info.plist */,
				91696DE6250C6892000A37EB /* Preview Content */,
			);
			path = RampReads;
			sourceTree = "<group>";
		};
		91696DE6250C6892000A37EB /* Preview Content */ = {
			isa = PBXGroup;
			children = (
				91696DE7250C6892000A37EB /* Preview Assets.xcassets */,
			);
			path = "Preview Content";
			sourceTree = "<group>";
		};
		91696DF4250C6892000A37EB /* RampReadsTests */ = {
			isa = PBXGroup;
			children = (
				91696DF5250C6892000A37EB /* RampReadsTests.swift */,
				91696DF7250C6892000A37EB /* Info.plist */,
			);
			path = RampReadsTests;
			sourceTree = "<group>";
		};
		91696DFF250C6892000A37EB /* RampReadsUITests */ = {
			isa = PBXGroup;
			children = (
				91696E00250C6892000A37EB /* RampReadsUITests.swift */,
				91696E02250C6892000A37EB /* Info.plist */,
			);
			path = RampReadsUITests;
			sourceTree = "<group>";
		};
/* End PBXGroup section */

/* Begin PBXNativeTarget section */
		91696DDA250C6889000A37EB /* RampReads */ = {
			isa = PBXNativeTarget;
			buildConfigurationList = 91696E05250C6892000A37EB /* Build configuration list for PBXNativeTarget "RampReads" */;
			buildPhases = (
				91696DD7250C6889000A37EB /* Sources */,
				91696DD8250C6889000A37EB /* Frameworks */,
				91696DD9250C6889000A37EB /* Resources */,
			);
			buildRules = (
			);
			dependencies = (
			);
			name = RampReads;
			productName = RampReads;
			productReference = 91696DDB250C6889000A37EB /* RampReads.app */;
			productType = "com.apple.product-type.application";
		};
		91696DF0250C6892000A37EB /* RampReadsTests */ = {
			isa = PBXNativeTarget;
			buildConfigurationList = 91696E08250C6892000A37EB /* Build configuration list for PBXNativeTarget "RampReadsTests" */;
			buildPhases = (
				91696DED250C6892000A37EB /* Sources */,
				91696DEE250C6892000A37EB /* Frameworks */,
				91696DEF250C6892000A37EB /* Resources */,
			);
			buildRules = (
			);
			dependencies = (
				91696DF3250C6892000A37EB /* PBXTargetDependency */,
			);
			name = RampReadsTests;
			productName = RampReadsTests;
			productReference = 91696DF1250C6892000A37EB /* RampReadsTests.xctest */;
			productType = "com.apple.product-type.bundle.unit-test";
		};
		91696DFB250C6892000A37EB /* RampReadsUITests */ = {
			isa = PBXNativeTarget;
			buildConfigurationList = 91696E0B250C6892000A37EB /* Build configuration list for PBXNativeTarget "RampReadsUITests" */;
			buildPhases = (
				91696DF8250C6892000A37EB /* Sources */,
				91696DF9250C6892000A37EB /* Frameworks */,
				91696DFA250C6892000A37EB /* Resources */,
			);
			buildRules = (
			);
			dependencies = (
				91696DFE250C6892000A37EB /* PBXTargetDependency */,
			);
			name = RampReadsUITests;
			productName = RampReadsUITests;
			productReference = 91696DFC250C6892000A37EB /* RampReadsUITests.xctest */;
			productType = "com.apple.product-type.bundle.ui-testing";
		};
/* End PBXNativeTarget section */

/* Begin PBXProject section */
		91696DD3250C6889000A37EB /* Project object */ = {
			isa = PBXProject;
			attributes = {
				LastSwiftUpdateCheck = 1170;
				LastUpgradeCheck = 1170;
				ORGANIZATIONNAME = "Neha H";
				TargetAttributes = {
					91696DDA250C6889000A37EB = {
						CreatedOnToolsVersion = 11.7;
					};
					91696DF0250C6892000A37EB = {
						CreatedOnToolsVersion = 11.7;
						TestTargetID = 91696DDA250C6889000A37EB;
					};
					91696DFB250C6892000A37EB = {
						CreatedOnToolsVersion = 11.7;
						TestTargetID = 91696DDA250C6889000A37EB;
					};
				};
			};
			buildConfigurationList = 91696DD6250C6889000A37EB /* Build configuration list for PBXProject "RampReads" */;
			compatibilityVersion = "Xcode 9.3";
			developmentRegion = en;
			hasScannedForEncodings = 0;
			knownRegions = (
				en,
				Base,
			);
			mainGroup = 91696DD2250C6889000A37EB;
			productRefGroup = 91696DDC250C6889000A37EB /* Products */;
			projectDirPath = "";
			projectRoot = "";
			targets = (
				91696DDA250C6889000A37EB /* RampReads */,
				91696DF0250C6892000A37EB /* RampReadsTests */,
				91696DFB250C6892000A37EB /* RampReadsUITests */,
			);
		};
/* End PBXProject section */

/* Begin PBXResourcesBuildPhase section */
		91696DD9250C6889000A37EB /* Resources */ = {
			isa = PBXResourcesBuildPhase;
			buildActionMask = 2147483647;
			files = (
				91696DEB250C6892000A37EB /* LaunchScreen.storyboard in Resources */,
				91696DE8250C6892000A37EB /* Preview Assets.xcassets in Resources */,
				91696DE5250C6892000A37EB /* Assets.xcassets in Resources */,
			);
			runOnlyForDeploymentPostprocessing = 0;
		};
		91696DEF250C6892000A37EB /* Resources */ = {
			isa = PBXResourcesBuildPhase;
			buildActionMask = 2147483647;
			files = (
			);
			runOnlyForDeploymentPostprocessing = 0;
		};
		91696DFA250C6892000A37EB /* Resources */ = {
			isa = PBXResourcesBuildPhase;
			buildActionMask = 2147483647;
			files = (
			);
			runOnlyForDeploymentPostprocessing = 0;
		};
/* End PBXResourcesBuildPhase section */

/* Begin PBXSourcesBuildPhase section */
		91696DD7250C6889000A37EB /* Sources */ = {
			isa = PBXSourcesBuildPhase;
			buildActionMask = 2147483647;
			files = (
				91696DDF250C6889000A37EB /* AppDelegate.swift in Sources */,
				91696DE1250C6889000A37EB /* SceneDelegate.swift in Sources */,
				91696DE3250C6889000A37EB /* ContentView.swift in Sources */,
			);
			runOnlyForDeploymentPostprocessing = 0;
		};
		91696DED250C6892000A37EB /* Sources */ = {
			isa = PBXSourcesBuildPhase;
			buildActionMask = 2147483647;
			files = (
				91696DF6250C6892000A37EB /* RampReadsTests.swift in Sources */,
			);
			runOnlyForDeploymentPostprocessing = 0;
		};
		91696DF8250C6892000A37EB /* Sources */ = {
			isa = PBXSourcesBuildPhase;
			buildActionMask = 2147483647;
			files = (
				91696E01250C6892000A37EB /* RampReadsUITests.swift in Sources */,
			);
			runOnlyForDeploymentPostprocessing = 0;
		};
/* End PBXSourcesBuildPhase section */

/* Begin PBXTargetDependency section */
		91696DF3250C6892000A37EB /* PBXTargetDependency */ = {
			isa = PBXTargetDependency;
			target = 91696DDA250C6889000A37EB /* RampReads */;
			targetProxy = 91696DF2250C6892000A37EB /* PBXContainerItemProxy */;
		};
		91696DFE250C6892000A37EB /* PBXTargetDependency */ = {
			isa = PBXTargetDependency;
			target = 91696DDA250C6889000A37EB /* RampReads */;
			targetProxy = 91696DFD250C6892000A37EB /* PBXContainerItemProxy */;
		};
/* End PBXTargetDependency section */

/* Begin PBXVariantGroup section */
		91696DE9250C6892000A37EB /* LaunchScreen.storyboard */ = {
			isa = PBXVariantGroup;
			children = (
				91696DEA250C6892000A37EB /* Base */,
			);
			name = LaunchScreen.storyboard;
			sourceTree = "<group>";
		};
/* End PBXVariantGroup section */

/* Begin XCBuildConfiguration section */
		91696E03250C6892000A37EB /* Debug */ = {
			isa = XCBuildConfiguration;
			buildSettings = {
				ALWAYS_SEARCH_USER_PATHS = NO;
				CLANG_ANALYZER_NONNULL = YES;
				CLANG_ANALYZER_NUMBER_OBJECT_CONVERSION = YES_AGGRESSIVE;
				CLANG_CXX_LANGUAGE_STANDARD = "gnu++14";
				CLANG_CXX_LIBRARY = "libc++";
				CLANG_ENABLE_MODULES = YES;
				CLANG_ENABLE_OBJC_ARC = YES;
				CLANG_ENABLE_OBJC_WEAK = YES;
				CLANG_WARN_BLOCK_CAPTURE_AUTORELEASING = YES;
				CLANG_WARN_BOOL_CONVERSION = YES;
				CLANG_WARN_COMMA = YES;
				CLANG_WARN_CONSTANT_CONVERSION = YES;
				CLANG_WARN_DEPRECATED_OBJC_IMPLEMENTATIONS = YES;
				CLANG_WARN_DIRECT_OBJC_ISA_USAGE = YES_ERROR;
				CLANG_WARN_DOCUMENTATION_COMMENTS = YES;
				CLANG_WARN_EMPTY_BODY = YES;
				CLANG_WARN_ENUM_CONVERSION = YES;
				CLANG_WARN_INFINITE_RECURSION = YES;
				CLANG_WARN_INT_CONVERSION = YES;
				CLANG_WARN_NON_LITERAL_NULL_CONVERSION = YES;
				CLANG_WARN_OBJC_IMPLICIT_RETAIN_SELF = YES;
				CLANG_WARN_OBJC_LITERAL_CONVERSION = YES;
				CLANG_WARN_OBJC_ROOT_CLASS = YES_ERROR;
				CLANG_WARN_RANGE_LOOP_ANALYSIS = YES;
				CLANG_WARN_STRICT_PROTOTYPES = YES;
				CLANG_WARN_SUSPICIOUS_MOVE = YES;
				CLANG_WARN_UNGUARDED_AVAILABILITY = YES_AGGRESSIVE;
				CLANG_WARN_UNREACHABLE_CODE = YES;
				CLANG_WARN__DUPLICATE_METHOD_MATCH = YES;
				COPY_PHASE_STRIP = NO;
				DEBUG_INFORMATION_FORMAT = dwarf;
				ENABLE_STRICT_OBJC_MSGSEND = YES;
				ENABLE_TESTABILITY = YES;
				GCC_C_LANGUAGE_STANDARD = gnu11;
				GCC_DYNAMIC_NO_PIC = NO;
				GCC_NO_COMMON_BLOCKS = YES;
				GCC_OPTIMIZATION_LEVEL = 0;
				GCC_PREPROCESSOR_DEFINITIONS = (
					"DEBUG=1",
					"$(inherited)",
				);
				GCC_WARN_64_TO_32_BIT_CONVERSION = YES;
				GCC_WARN_ABOUT_RETURN_TYPE = YES_ERROR;
				GCC_WARN_UNDECLARED_SELECTOR = YES;
				GCC_WARN_UNINITIALIZED_AUTOS = YES_AGGRESSIVE;
				GCC_WARN_UNUSED_FUNCTION = YES;
				GCC_WARN_UNUSED_VARIABLE = YES;
				IPHONEOS_DEPLOYMENT_TARGET = 13.7;
				MTL_ENABLE_DEBUG_INFO = INCLUDE_SOURCE;
				MTL_FAST_MATH = YES;
				ONLY_ACTIVE_ARCH = YES;
				SDKROOT = iphoneos;
				SWIFT_ACTIVE_COMPILATION_CONDITIONS = DEBUG;
				SWIFT_OPTIMIZATION_LEVEL = "-Onone";
			};
			name = Debug;
		};
		91696E04250C6892000A37EB /* Release */ = {
			isa = XCBuildConfiguration;
			buildSettings = {
				ALWAYS_SEARCH_USER_PATHS = NO;
				CLANG_ANALYZER_NONNULL = YES;
				CLANG_ANALYZER_NUMBER_OBJECT_CONVERSION = YES_AGGRESSIVE;
				CLANG_CXX_LANGUAGE_STANDARD = "gnu++14";
				CLANG_CXX_LIBRARY = "libc++";
				CLANG_ENABLE_MODULES = YES;
				CLANG_ENABLE_OBJC_ARC = YES;
				CLANG_ENABLE_OBJC_WEAK = YES;
				CLANG_WARN_BLOCK_CAPTURE_AUTORELEASING = YES;
				CLANG_WARN_BOOL_CONVERSION = YES;
				CLANG_WARN_COMMA = YES;
				CLANG_WARN_CONSTANT_CONVERSION = YES;
				CLANG_WARN_DEPRECATED_OBJC_IMPLEMENTATIONS = YES;
				CLANG_WARN_DIRECT_OBJC_ISA_USAGE = YES_ERROR;
				CLANG_WARN_DOCUMENTATION_COMMENTS = YES;
				CLANG_WARN_EMPTY_BODY = YES;
				CLANG_WARN_ENUM_CONVERSION = YES;
				CLANG_WARN_INFINITE_RECURSION = YES;
				CLANG_WARN_INT_CONVERSION = YES;
				CLANG_WARN_NON_LITERAL_NULL_CONVERSION = YES;
				CLANG_WARN_OBJC_IMPLICIT_RETAIN_SELF = YES;
				CLANG_WARN_OBJC_LITERAL_CONVERSION = YES;
				CLANG_WARN_OBJC_ROOT_CLASS = YES_ERROR;
				CLANG_WARN_RANGE_LOOP_ANALYSIS = YES;
				CLANG_WARN_STRICT_PROTOTYPES = YES;
				CLANG_WARN_SUSPICIOUS_MOVE = YES;
				CLANG_WARN_UNGUARDED_AVAILABILITY = YES_AGGRESSIVE;
				CLANG_WARN_UNREACHABLE_CODE = YES;
				CLANG_WARN__DUPLICATE_METHOD_MATCH = YES;
				COPY_PHASE_STRIP = NO;
				DEBUG_INFORMATION_FORMAT = "dwarf-with-dsym";
				ENABLE_NS_ASSERTIONS = NO;
				ENABLE_STRICT_OBJC_MSGSEND = YES;
				GCC_C_LANGUAGE_STANDARD = gnu11;
				GCC_NO_COMMON_BLOCKS = YES;
				GCC_WARN_64_TO_32_BIT_CONVERSION = YES;
				GCC_WARN_ABOUT_RETURN_TYPE = YES_ERROR;
				GCC_WARN_UNDECLARED_SELECTOR = YES;
				GCC_WARN_UNINITIALIZED_AUTOS = YES_AGGRESSIVE;
				GCC_WARN_UNUSED_FUNCTION = YES;
				GCC_WARN_UNUSED_VARIABLE = YES;
				IPHONEOS_DEPLOYMENT_TARGET = 13.7;
				MTL_ENABLE_DEBUG_INFO = NO;
				MTL_FAST_MATH = YES;
				SDKROOT = iphoneos;
				SWIFT_COMPILATION_MODE = wholemodule;
				SWIFT_OPTIMIZATION_LEVEL = "-O";
				VALIDATE_PRODUCT = YES;
			};
			name = Release;
		};
		91696E06250C6892000A37EB /* Debug */ = {
			isa = XCBuildConfiguration;
			buildSettings = {
				ASSETCATALOG_COMPILER_APPICON_NAME = AppIcon;
				CODE_SIGN_STYLE = Automatic;
				DEVELOPMENT_ASSET_PATHS = "\"RampReads/Preview Content\"";
				ENABLE_PREVIEWS = YES;
				INFOPLIST_FILE = RampReads/Info.plist;
				LD_RUNPATH_SEARCH_PATHS = (
					"$(inherited)",
					"@executable_path/Frameworks",
				);
				PRODUCT_BUNDLE_IDENTIFIER = RampReads.RampReads;
				PRODUCT_NAME = "$(TARGET_NAME)";
				SWIFT_VERSION = 5.0;
				TARGETED_DEVICE_FAMILY = "1,2";
			};
			name = Debug;
		};
		91696E07250C6892000A37EB /* Release */ = {
			isa = XCBuildConfiguration;
			buildSettings = {
				ASSETCATALOG_COMPILER_APPICON_NAME = AppIcon;
				CODE_SIGN_STYLE = Automatic;
				DEVELOPMENT_ASSET_PATHS = "\"RampReads/Preview Content\"";
				ENABLE_PREVIEWS = YES;
				INFOPLIST_FILE = RampReads/Info.plist;
				LD_RUNPATH_SEARCH_PATHS = (
					"$(inherited)",
					"@executable_path/Frameworks",
				);
				PRODUCT_BUNDLE_IDENTIFIER = RampReads.RampReads;
				PRODUCT_NAME = "$(TARGET_NAME)";
				SWIFT_VERSION = 5.0;
				TARGETED_DEVICE_FAMILY = "1,2";
			};
			name = Release;
		};
		91696E09250C6892000A37EB /* Debug */ = {
			isa = XCBuildConfiguration;
			buildSettings = {
				ALWAYS_EMBED_SWIFT_STANDARD_LIBRARIES = YES;
				BUNDLE_LOADER = "$(TEST_HOST)";
				CODE_SIGN_STYLE = Automatic;
				INFOPLIST_FILE = RampReadsTests/Info.plist;
				IPHONEOS_DEPLOYMENT_TARGET = 13.7;
				LD_RUNPATH_SEARCH_PATHS = (
					"$(inherited)",
					"@executable_path/Frameworks",
					"@loader_path/Frameworks",
				);
				PRODUCT_BUNDLE_IDENTIFIER = RampReads.RampReadsTests;
				PRODUCT_NAME = "$(TARGET_NAME)";
				SWIFT_VERSION = 5.0;
				TARGETED_DEVICE_FAMILY = "1,2";
				TEST_HOST = "$(BUILT_PRODUCTS_DIR)/RampReads.app/RampReads";
			};
			name = Debug;
		};
		91696E0A250C6892000A37EB /* Release */ = {
			isa = XCBuildConfiguration;
			buildSettings = {
				ALWAYS_EMBED_SWIFT_STANDARD_LIBRARIES = YES;
				BUNDLE_LOADER = "$(TEST_HOST)";
				CODE_SIGN_STYLE = Automatic;
				INFOPLIST_FILE = RampReadsTests/Info.plist;
				IPHONEOS_DEPLOYMENT_TARGET = 13.7;
				LD_RUNPATH_SEARCH_PATHS = (
					"$(inherited)",
					"@executable_path/Frameworks",
					"@loader_path/Frameworks",
				);
				PRODUCT_BUNDLE_IDENTIFIER = RampReads.RampReadsTests;
				PRODUCT_NAME = "$(TARGET_NAME)";
				SWIFT_VERSION = 5.0;
				TARGETED_DEVICE_FAMILY = "1,2";
				TEST_HOST = "$(BUILT_PRODUCTS_DIR)/RampReads.app/RampReads";
			};
			name = Release;
		};
		91696E0C250C6892000A37EB /* Debug */ = {
			isa = XCBuildConfiguration;
			buildSettings = {
				ALWAYS_EMBED_SWIFT_STANDARD_LIBRARIES = YES;
				CODE_SIGN_STYLE = Automatic;
				INFOPLIST_FILE = RampReadsUITests/Info.plist;
				LD_RUNPATH_SEARCH_PATHS = (
					"$(inherited)",
					"@executable_path/Frameworks",
					"@loader_path/Frameworks",
				);
				PRODUCT_BUNDLE_IDENTIFIER = RampReads.RampReadsUITests;
				PRODUCT_NAME = "$(TARGET_NAME)";
				SWIFT_VERSION = 5.0;
				TARGETED_DEVICE_FAMILY = "1,2";
				TEST_TARGET_NAME = RampReads;
			};
			name = Debug;
		};
		91696E0D250C6892000A37EB /* Release */ = {
			isa = XCBuildConfiguration;
			buildSettings = {
				ALWAYS_EMBED_SWIFT_STANDARD_LIBRARIES = YES;
				CODE_SIGN_STYLE = Automatic;
				INFOPLIST_FILE = RampReadsUITests/Info.plist;
				LD_RUNPATH_SEARCH_PATHS = (
					"$(inherited)",
					"@executable_path/Frameworks",
					"@loader_path/Frameworks",
				);
				PRODUCT_BUNDLE_IDENTIFIER = RampReads.RampReadsUITests;
				PRODUCT_NAME = "$(TARGET_NAME)";
				SWIFT_VERSION = 5.0;
				TARGETED_DEVICE_FAMILY = "1,2";
				TEST_TARGET_NAME = RampReads;
			};
			name = Release;
		};
/* End XCBuildConfiguration section */

/* Begin XCConfigurationList section */
		91696DD6250C6889000A37EB /* Build configuration list for PBXProject "RampReads" */ = {
			isa = XCConfigurationList;
			buildConfigurations = (
				91696E03250C6892000A37EB /* Debug */,
				91696E04250C6892000A37EB /* Release */,
			);
			defaultConfigurationIsVisible = 0;
			defaultConfigurationName = Release;
		};
		91696E05250C6892000A37EB /* Build configuration list for PBXNativeTarget "RampReads" */ = {
			isa = XCConfigurationList;
			buildConfigurations = (
				91696E06250C6892000A37EB /* Debug */,
				91696E07250C6892000A37EB /* Release */,
			);
			defaultConfigurationIsVisible = 0;
			defaultConfigurationName = Release;
		};
		91696E08250C6892000A37EB /* Build configuration list for PBXNativeTarget "RampReadsTests" */ = {
			isa = XCConfigurationList;
			buildConfigurations = (
				91696E09250C6892000A37EB /* Debug */,
				91696E0A250C6892000A37EB /* Release */,
			);
			defaultConfigurationIsVisible = 0;
			defaultConfigurationName = Release;
		};
		91696E0B250C6892000A37EB /* Build configuration list for PBXNativeTarget "RampReadsUITests" */ = {
			isa = XCConfigurationList;
			buildConfigurations = (
				91696E0C250C6892000A37EB /* Debug */,
				91696E0D250C6892000A37EB /* Release */,
			);
			defaultConfigurationIsVisible = 0;
			defaultConfigurationName = Release;
		};
/* End XCConfigurationList section */
	};
	rootObject = 91696DD3250C6889000A37EB /* Project object */;
}
